
Microsoft Visual Studio Solution File, Format Version 12.00
# Visual Studio Version 17
VisualStudioVersion = 17.5.33516.290
MinimumVisualStudioVersion = 10.0.40219.1
Project("{FAE04EC0-301F-11D3-BF4B-00C04F79EFBC}") = "Clase 5 -Matrices", "Clase 5 -Matrices\Clase 5 -Matrices.csproj", "{3AB26353-446F-4BC8-9A26-801139760B4A}"
EndProject
Project("{2150E333-8FDC-42A3-9474-1A3956D46DE8}") = "Clase 5", "Clase 5", "{074EFE7A-D293-441B-B4BD-8F56806D863C}"
EndProject
Project("{9A19103F-16F7-4668-BE54-9A1E7A4F7556}") = "Ejercicio I01 -Clase 5", "Ejercicio I01 -Clase 5\Ejercicio I01 -Clase 5.csproj", "{9DCAADF9-995F-40EF-A9E2-A8532BF47F2D}"
EndProject
Project("{9A19103F-16F7-4668-BE54-9A1E7A4F7556}") = "Ejercicio I02  - Clase 5", "Ejercicio I02  - Clase 5\Ejercicio I02  - Clase 5.csproj", "{36D4985D-EC1C-48B1-B492-000401B28F11}"
EndProject
Project("{FAE04EC0-301F-11D3-BF4B-00C04F79EFBC}") = "Ejercicio C01 -Clase 5", "Ejercicio C01 -Clase 5\Ejercicio C01 -Clase 5.csproj", "{2B8845F6-3391-42E8-8A6D-37EC35EE5358}"
EndProject
Project("{FAE04EC0-301F-11D3-BF4B-00C04F79EFBC}") = "Equipo", "Equipo\Equipo.csproj", "{8B418319-BF2B-4C51-AD5A-C26FF1FC2B74}"
EndProject
Project("{FAE04EC0-301F-11D3-BF4B-00C04F79EFBC}") = "Jugador", "Jugador\Jugador.csproj", "{76F8DD98-70EB-4858-8F86-7B91523F385F}"
EndProject
Global
	GlobalSection(SolutionConfigurationPlatforms) = preSolution
		Debug|Any CPU = Debug|Any CPU
		Release|Any CPU = Release|Any CPU
	EndGlobalSection
	GlobalSection(ProjectConfigurationPlatforms) = postSolution
		{3AB26353-446F-4BC8-9A26-801139760B4A}.Debug|Any CPU.ActiveCfg = Debug|Any CPU
		{3AB26353-446F-4BC8-9A26-801139760B4A}.Debug|Any CPU.Build.0 = Debug|Any CPU
		{3AB26353-446F-4BC8-9A26-801139760B4A}.Release|Any CPU.ActiveCfg = Release|Any CPU
		{3AB26353-446F-4BC8-9A26-801139760B4A}.Release|Any CPU.Build.0 = Release|Any CPU
		{9DCAADF9-995F-40EF-A9E2-A8532BF47F2D}.Debug|Any CPU.ActiveCfg = Debug|Any CPU
		{9DCAADF9-995F-40EF-A9E2-A8532BF47F2D}.Debug|Any CPU.Build.0 = Debug|Any CPU
		{9DCAADF9-995F-40EF-A9E2-A8532BF47F2D}.Release|Any CPU.ActiveCfg = Release|Any CPU
		{9DCAADF9-995F-40EF-A9E2-A8532BF47F2D}.Release|Any CPU.Build.0 = Release|Any CPU
		{36D4985D-EC1C-48B1-B492-000401B28F11}.Debug|Any CPU.ActiveCfg = Debug|Any CPU
		{36D4985D-EC1C-48B1-B492-000401B28F11}.Debug|Any CPU.Build.0 = Debug|Any CPU
		{36D4985D-EC1C-48B1-B492-000401B28F11}.Release|Any CPU.ActiveCfg = Release|Any CPU
		{36D4985D-EC1C-48B1-B492-000401B28F11}.Release|Any CPU.Build.0 = Release|Any CPU
		{2B8845F6-3391-42E8-8A6D-37EC35EE5358}.Debug|Any CPU.ActiveCfg = Debug|Any CPU
		{2B8845F6-3391-42E8-8A6D-37EC35EE5358}.Debug|Any CPU.Build.0 = Debug|Any CPU
		{2B8845F6-3391-42E8-8A6D-37EC35EE5358}.Release|Any CPU.ActiveCfg = Release|Any CPU
		{2B8845F6-3391-42E8-8A6D-37EC35EE5358}.Release|Any CPU.Build.0 = Release|Any CPU
		{8B418319-BF2B-4C51-AD5A-C26FF1FC2B74}.Debug|Any CPU.ActiveCfg = Debug|Any CPU
		{8B418319-BF2B-4C51-AD5A-C26FF1FC2B74}.Debug|Any CPU.Build.0 = Debug|Any CPU
		{8B418319-BF2B-4C51-AD5A-C26FF1FC2B74}.Release|Any CPU.ActiveCfg = Release|Any CPU
		{8B418319-BF2B-4C51-AD5A-C26FF1FC2B74}.Release|Any CPU.Build.0 = Release|Any CPU
		{76F8DD98-70EB-4858-8F86-7B91523F385F}.Debug|Any CPU.ActiveCfg = Debug|Any CPU
		{76F8DD98-70EB-4858-8F86-7B91523F385F}.Debug|Any CPU.Build.0 = Debug|Any CPU
		{76F8DD98-70EB-4858-8F86-7B91523F385F}.Release|Any CPU.ActiveCfg = Release|Any CPU
		{76F8DD98-70EB-4858-8F86-7B91523F385F}.Release|Any CPU.Build.0 = Release|Any CPU
	EndGlobalSection
	GlobalSection(SolutionProperties) = preSolution
		HideSolutionNode = FALSE
	EndGlobalSection
	GlobalSection(NestedProjects) = preSolution
		{3AB26353-446F-4BC8-9A26-801139760B4A} = {074EFE7A-D293-441B-B4BD-8F56806D863C}
		{9DCAADF9-995F-40EF-A9E2-A8532BF47F2D} = {074EFE7A-D293-441B-B4BD-8F56806D863C}
		{36D4985D-EC1C-48B1-B492-000401B28F11} = {074EFE7A-D293-441B-B4BD-8F56806D863C}
	EndGlobalSection
	GlobalSection(ExtensibilityGlobals) = postSolution
		SolutionGuid = {5782E69D-6EFB-4A87-8439-CFA44E098E80}
	EndGlobalSection
EndGlobal
