
Microsoft Visual Studio Solution File, Format Version 12.00
# Visual Studio Version 17
VisualStudioVersion = 17.5.33516.290
MinimumVisualStudioVersion = 10.0.40219.1
Project("{FAE04EC0-301F-11D3-BF4B-00C04F79EFBC}") = "Clase 1 -Notas", "Clase 1 -Notas\Clase 1 -Notas.csproj", "{7296C6C1-6534-4419-A2D1-7D7A27886B55}"
EndProject
Global
	GlobalSection(SolutionConfigurationPlatforms) = preSolution
		Debug|Any CPU = Debug|Any CPU
		Release|Any CPU = Release|Any CPU
	EndGlobalSection
	GlobalSection(ProjectConfigurationPlatforms) = postSolution
		{7296C6C1-6534-4419-A2D1-7D7A27886B55}.Debug|Any CPU.ActiveCfg = Debug|Any CPU
		{7296C6C1-6534-4419-A2D1-7D7A27886B55}.Debug|Any CPU.Build.0 = Debug|Any CPU
		{7296C6C1-6534-4419-A2D1-7D7A27886B55}.Release|Any CPU.ActiveCfg = Release|Any CPU
		{7296C6C1-6534-4419-A2D1-7D7A27886B55}.Release|Any CPU.Build.0 = Release|Any CPU
	EndGlobalSection
	GlobalSection(SolutionProperties) = preSolution
		HideSolutionNode = FALSE
	EndGlobalSection
	GlobalSection(ExtensibilityGlobals) = postSolution
		SolutionGuid = {EFD07C8A-5221-4C5B-9492-854F17329DB3}
	EndGlobalSection
EndGlobal
